Microsoft Visual Studio Solution File, Format Version 12.00
# Visual Studio Version 17
VisualStudioVersion = 17.5.2.0
MinimumVisualStudioVersion = 10.0.40219.1
Project("{FAE04EC0-301F-11D3-BF4B-00C04F79EFBC}") = "minimal-api", "minimal-api.csproj", "{6B2FE082-B099-904C-537D-81F202AD60BA}"
EndProject
Global
	GlobalSection(SolutionConfigurationPlatforms) = preSolution
		Debug|Any CPU = Debug|Any CPU
		Release|Any CPU = Release|Any CPU
	EndGlobalSection
	GlobalSection(ProjectConfigurationPlatforms) = postSolution
		{6B2FE082-B099-904C-537D-81F202AD60BA}.Debug|Any CPU.ActiveCfg = Debug|Any CPU
		{6B2FE082-B099-904C-537D-81F202AD60BA}.Debug|Any CPU.Build.0 = Debug|Any CPU
		{6B2FE082-B099-904C-537D-81F202AD60BA}.Release|Any CPU.ActiveCfg = Release|Any CPU
		{6B2FE082-B099-904C-537D-81F202AD60BA}.Release|Any CPU.Build.0 = Release|Any CPU
	EndGlobalSection
	GlobalSection(SolutionProperties) = preSolution
		HideSolutionNode = FALSE
	EndGlobalSection
	GlobalSection(ExtensibilityGlobals) = postSolution
		SolutionGuid = {D5CCE0D4-B714-4BB1-8A43-97A40A9839A9}
	EndGlobalSection
EndGlobal
